// !$*UTF8*$!
{
	archiveVersion = 1;
	classes = {
	};
	objectVersion = 50;
	objects = {

/* Begin PBXBuildFile section */
		FAE98A6524466E2E007ACFEA /* AppDelegate.m in Sources */ = {isa = PBXBuildFile; fileRef = FAE98A6424466E2E007ACFEA /* AppDelegate.m */; };
		FAE98A6824466E2E007ACFEA /* SceneDelegate.m in Sources */ = {isa = PBXBuildFile; fileRef = FAE98A6724466E2E007ACFEA /* SceneDelegate.m */; };
		FAE98A6B24466E2E007ACFEA /* ViewController.m in Sources */ = {isa = PBXBuildFile; fileRef = FAE98A6A24466E2E007ACFEA /* ViewController.m */; };
		FAE98A6E24466E2E007ACFEA /* Main.storyboard in Resources */ = {isa = PBXBuildFile; fileRef = FAE98A6C24466E2E007ACFEA /* Main.storyboard */; };
		FAE98A7024466E36007ACFEA /* Assets.xcassets in Resources */ = {isa = PBXBuildFile; fileRef = FAE98A6F24466E36007ACFEA /* Assets.xcassets */; };
		FAE98A7324466E36007ACFEA /* LaunchScreen.storyboard in Resources */ = {isa = PBXBuildFile; fileRef = FAE98A7124466E36007ACFEA /* LaunchScreen.storyboard */; };
		FAE98A7624466E36007ACFEA /* main.m in Sources */ = {isa = PBXBuildFile; fileRef = FAE98A7524466E36007ACFEA /* main.m */; };
/* End PBXBuildFile section */

/* Begin PBXFileReference section */
		FAE98A6024466E2E007ACFEA /* class methods.app */ = {isa = PBXFileReference; explicitFileType = wrapper.application; includeInIndex = 0; path = "class methods.app"; sourceTree = BUILT_PRODUCTS_DIR; };
		FAE98A6324466E2E007ACFEA /* AppDelegate.h */ = {isa = PBXFileReference; lastKnownFileType = sourcecode.c.h; path = AppDelegate.h; sourceTree = "<group>"; };
		FAE98A6424466E2E007ACFEA /* AppDelegate.m */ = {isa = PBXFileReference; lastKnownFileType = sourcecode.c.objc; path = AppDelegate.m; sourceTree = "<group>"; };
		FAE98A6624466E2E007ACFEA /* SceneDelegate.h */ = {isa = PBXFileReference; lastKnownFileType = sourcecode.c.h; path = SceneDelegate.h; sourceTree = "<group>"; };
		FAE98A6724466E2E007ACFEA /* SceneDelegate.m */ = {isa = PBXFileReference; lastKnownFileType = sourcecode.c.objc; path = SceneDelegate.m; sourceTree = "<group>"; };
		FAE98A6924466E2E007ACFEA /* ViewController.h */ = {isa = PBXFileReference; lastKnownFileType = sourcecode.c.h; path = ViewController.h; sourceTree = "<group>"; };
		FAE98A6A24466E2E007ACFEA /* ViewController.m */ = {isa = PBXFileReference; lastKnownFileType = sourcecode.c.objc; path = ViewController.m; sourceTree = "<group>"; };
		FAE98A6D24466E2E007ACFEA /* Base */ = {isa = PBXFileReference; lastKnownFileType = file.storyboard; name = Base; path = Base.lproj/Main.storyboard; sourceTree = "<group>"; };
		FAE98A6F24466E36007ACFEA /* Assets.xcassets */ = {isa = PBXFileReference; lastKnownFileType = folder.assetcatalog; path = Assets.xcassets; sourceTree = "<group>"; };
		FAE98A7224466E36007ACFEA /* Base */ = {isa = PBXFileReference; lastKnownFileType = file.storyboard; name = Base; path = Base.lproj/LaunchScreen.storyboard; sourceTree = "<group>"; };
		FAE98A7424466E36007ACFEA /* Info.plist */ = {isa = PBXFileReference; lastKnownFileType = text.plist.xml; path = Info.plist; sourceTree = "<group>"; };
		FAE98A7524466E36007ACFEA /* main.m */ = {isa = PBXFileReference; lastKnownFileType = sourcecode.c.objc; path = main.m; sourceTree = "<group>"; };
/* End PBXFileReference section */

/* Begin PBXFrameworksBuildPhase section */
		FAE98A5D24466E2E007ACFEA /* Frameworks */ = {
			isa = PBXFrameworksBuildPhase;
			buildActionMask = 2147483647;
			files = (
			);
			runOnlyForDeploymentPostprocessing = 0;
		};
/* End PBXFrameworksBuildPhase section */

/* Begin PBXGroup section */
		FAE98A5724466E2D007ACFEA = {
			isa = PBXGroup;
			children = (
				FAE98A6224466E2E007ACFEA /* class methods */,
				FAE98A6124466E2E007ACFEA /* Products */,
			);
			sourceTree = "<group>";
		};
		FAE98A6124466E2E007ACFEA /* Products */ = {
			isa = PBXGroup;
			children = (
				FAE98A6024466E2E007ACFEA /* class methods.app */,
			);
			name = Products;
			sourceTree = "<group>";
		};
		FAE98A6224466E2E007ACFEA /* class methods */ = {
			isa = PBXGroup;
			children = (
				FAE98A6324466E2E007ACFEA /* AppDelegate.h */,
				FAE98A6424466E2E007ACFEA /* AppDelegate.m */,
				FAE98A6624466E2E007ACFEA /* SceneDelegate.h */,
				FAE98A6724466E2E007ACFEA /* SceneDelegate.m */,
				FAE98A6924466E2E007ACFEA /* ViewController.h */,
				FAE98A6A24466E2E007ACFEA /* ViewController.m */,
				FAE98A6C24466E2E007ACFEA /* Main.storyboard */,
				FAE98A6F24466E36007ACFEA /* Assets.xcassets */,
				FAE98A7124466E36007ACFEA /* LaunchScreen.storyboard */,
				FAE98A7424466E36007ACFEA /* Info.plist */,
				FAE98A7524466E36007ACFEA /* main.m */,
			);
			path = "class methods";
			sourceTree = "<group>";
		};
/* End PBXGroup section */

/* Begin PBXNativeTarget section */
		FAE98A5F24466E2E007ACFEA /* class methods */ = {
			isa = PBXNativeTarget;
			buildConfigurationList = FAE98A7924466E36007ACFEA /* Build configuration list for PBXNativeTarget "class methods" */;
			buildPhases = (
				FAE98A5C24466E2E007ACFEA /* Sources */,
				FAE98A5D24466E2E007ACFEA /* Frameworks */,
				FAE98A5E24466E2E007ACFEA /* Resources */,
			);
			buildRules = (
			);
			dependencies = (
			);
			name = "class methods";
			productName = "class methods";
			productReference = FAE98A6024466E2E007ACFEA /* class methods.app */;
			productType = "com.apple.product-type.application";
		};
/* End PBXNativeTarget section */

/* Begin PBXProject section */
		FAE98A5824466E2D007ACFEA /* Project object */ = {
			isa = PBXProject;
			attributes = {
				LastUpgradeCheck = 1130;
				ORGANIZATIONNAME = "audio-ergo-sum";
				TargetAttributes = {
					FAE98A5F24466E2E007ACFEA = {
						CreatedOnToolsVersion = 11.3.1;
					};
				};
			};
			buildConfigurationList = FAE98A5B24466E2D007ACFEA /* Build configuration list for PBXProject "class methods" */;
			compatibilityVersion = "Xcode 9.3";
			developmentRegion = en;
			hasScannedForEncodings = 0;
			knownRegions = (
				en,
				Base,
			);
			mainGroup = FAE98A5724466E2D007ACFEA;
			productRefGroup = FAE98A6124466E2E007ACFEA /* Products */;
			projectDirPath = "";
			projectRoot = "";
			targets = (
				FAE98A5F24466E2E007ACFEA /* class methods */,
			);
		};
/* End PBXProject section */

/* Begin PBXResourcesBuildPhase section */
		FAE98A5E24466E2E007ACFEA /* Resources */ = {
			isa = PBXResourcesBuildPhase;
			buildActionMask = 2147483647;
			files = (
				FAE98A7324466E36007ACFEA /* LaunchScreen.storyboard in Resources */,
				FAE98A7024466E36007ACFEA /* Assets.xcassets in Resources */,
				FAE98A6E24466E2E007ACFEA /* Main.storyboard in Resources */,
			);
			runOnlyForDeploymentPostprocessing = 0;
		};
/* End PBXResourcesBuildPhase section */

/* Begin PBXSourcesBuildPhase section */
		FAE98A5C24466E2E007ACFEA /* Sources */ = {
			isa = PBXSourcesBuildPhase;
			buildActionMask = 2147483647;
			files = (
				FAE98A6B24466E2E007ACFEA /* ViewController.m in Sources */,
				FAE98A6524466E2E007ACFEA /* AppDelegate.m in Sources */,
				FAE98A7624466E36007ACFEA /* main.m in Sources */,
				FAE98A6824466E2E007ACFEA /* SceneDelegate.m in Sources */,
			);
			runOnlyForDeploymentPostprocessing = 0;
		};
/* End PBXSourcesBuildPhase section */

/* Begin PBXVariantGroup section */
		FAE98A6C24466E2E007ACFEA /* Main.storyboard */ = {
			isa = PBXVariantGroup;
			children = (
				FAE98A6D24466E2E007ACFEA /* Base */,
			);
			name = Main.storyboard;
			sourceTree = "<group>";
		};
		FAE98A7124466E36007ACFEA /* LaunchScreen.storyboard */ = {
			isa = PBXVariantGroup;
			children = (
				FAE98A7224466E36007ACFEA /* Base */,
			);
			name = LaunchScreen.storyboard;
			sourceTree = "<group>";
		};
/* End PBXVariantGroup section */

/* Begin XCBuildConfiguration section */
		FAE98A7724466E36007ACFEA /* Debug */ = {
			isa = XCBuildConfiguration;
			buildSettings = {
				ALWAYS_SEARCH_USER_PATHS = NO;
				CLANG_ANALYZER_NONNULL = YES;
				CLANG_ANALYZER_NUMBER_OBJECT_CONVERSION = YES_AGGRESSIVE;
				CLANG_CXX_LANGUAGE_STANDARD = "gnu++14";
				CLANG_CXX_LIBRARY = "libc++";
				CLANG_ENABLE_MODULES = YES;
				CLANG_ENABLE_OBJC_ARC = YES;
				CLANG_ENABLE_OBJC_WEAK = YES;
				CLANG_WARN_BLOCK_CAPTURE_AUTORELEASING = YES;
				CLANG_WARN_BOOL_CONVERSION = YES;
				CLANG_WARN_COMMA = YES;
				CLANG_WARN_CONSTANT_CONVERSION = YES;
				CLANG_WARN_DEPRECATED_OBJC_IMPLEMENTATIONS = YES;
				CLANG_WARN_DIRECT_OBJC_ISA_USAGE = YES_ERROR;
				CLANG_WARN_DOCUMENTATION_COMMENTS = YES;
				CLANG_WARN_EMPTY_BODY = YES;
				CLANG_WARN_ENUM_CONVERSION = YES;
				CLANG_WARN_INFINITE_RECURSION = YES;
				CLANG_WARN_INT_CONVERSION = YES;
				CLANG_WARN_NON_LITERAL_NULL_CONVERSION = YES;
				CLANG_WARN_OBJC_IMPLICIT_RETAIN_SELF = YES;
				CLANG_WARN_OBJC_LITERAL_CONVERSION = YES;
				CLANG_WARN_OBJC_ROOT_CLASS = YES_ERROR;
				CLANG_WARN_RANGE_LOOP_ANALYSIS = YES;
				CLANG_WARN_STRICT_PROTOTYPES = YES;
				CLANG_WARN_SUSPICIOUS_MOVE = YES;
				CLANG_WARN_UNGUARDED_AVAILABILITY = YES_AGGRESSIVE;
				CLANG_WARN_UNREACHABLE_CODE = YES;
				CLANG_WARN__DUPLICATE_METHOD_MATCH = YES;
				COPY_PHASE_STRIP = NO;
				DEBUG_INFORMATION_FORMAT = dwarf;
				ENABLE_STRICT_OBJC_MSGSEND = YES;
				ENABLE_TESTABILITY = YES;
				GCC_C_LANGUAGE_STANDARD = gnu11;
				GCC_DYNAMIC_NO_PIC = NO;
				GCC_NO_COMMON_BLOCKS = YES;
				GCC_OPTIMIZATION_LEVEL = 0;
				GCC_PREPROCESSOR_DEFINITIONS = (
					"DEBUG=1",
					"$(inherited)",
				);
				GCC_WARN_64_TO_32_BIT_CONVERSION = YES;
				GCC_WARN_ABOUT_RETURN_TYPE = YES_ERROR;
				GCC_WARN_UNDECLARED_SELECTOR = YES;
				GCC_WARN_UNINITIALIZED_AUTOS = YES_AGGRESSIVE;
				GCC_WARN_UNUSED_FUNCTION = YES;
				GCC_WARN_UNUSED_VARIABLE = YES;
				IPHONEOS_DEPLOYMENT_TARGET = 13.0;
				MTL_ENABLE_DEBUG_INFO = INCLUDE_SOURCE;
				MTL_FAST_MATH = YES;
				ONLY_ACTIVE_ARCH = YES;
				SDKROOT = iphoneos;
			};
			name = Debug;
		};
		FAE98A7824466E36007ACFEA /* Release */ = {
			isa = XCBuildConfiguration;
			buildSettings = {
				ALWAYS_SEARCH_USER_PATHS = NO;
				CLANG_ANALYZER_NONNULL = YES;
				CLANG_ANALYZER_NUMBER_OBJECT_CONVERSION = YES_AGGRESSIVE;
				CLANG_CXX_LANGUAGE_STANDARD = "gnu++14";
				CLANG_CXX_LIBRARY = "libc++";
				CLANG_ENABLE_MODULES = YES;
				CLANG_ENABLE_OBJC_ARC = YES;
				CLANG_ENABLE_OBJC_WEAK = YES;
				CLANG_WARN_BLOCK_CAPTURE_AUTORELEASING = YES;
				CLANG_WARN_BOOL_CONVERSION = YES;
				CLANG_WARN_COMMA = YES;
				CLANG_WARN_CONSTANT_CONVERSION = YES;
				CLANG_WARN_DEPRECATED_OBJC_IMPLEMENTATIONS = YES;
				CLANG_WARN_DIRECT_OBJC_ISA_USAGE = YES_ERROR;
				CLANG_WARN_DOCUMENTATION_COMMENTS = YES;
				CLANG_WARN_EMPTY_BODY = YES;
				CLANG_WARN_ENUM_CONVERSION = YES;
				CLANG_WARN_INFINITE_RECURSION = YES;
				CLANG_WARN_INT_CONVERSION = YES;
				CLANG_WARN_NON_LITERAL_NULL_CONVERSION = YES;
				CLANG_WARN_OBJC_IMPLICIT_RETAIN_SELF = YES;
				CLANG_WARN_OBJC_LITERAL_CONVERSION = YES;
				CLANG_WARN_OBJC_ROOT_CLASS = YES_ERROR;
				CLANG_WARN_RANGE_LOOP_ANALYSIS = YES;
				CLANG_WARN_STRICT_PROTOTYPES = YES;
				CLANG_WARN_SUSPICIOUS_MOVE = YES;
				CLANG_WARN_UNGUARDED_AVAILABILITY = YES_AGGRESSIVE;
				CLANG_WARN_UNREACHABLE_CODE = YES;
				CLANG_WARN__DUPLICATE_METHOD_MATCH = YES;
				COPY_PHASE_STRIP = NO;
				DEBUG_INFORMATION_FORMAT = "dwarf-with-dsym";
				ENABLE_NS_ASSERTIONS = NO;
				ENABLE_STRICT_OBJC_MSGSEND = YES;
				GCC_C_LANGUAGE_STANDARD = gnu11;
				GCC_NO_COMMON_BLOCKS = YES;
				GCC_WARN_64_TO_32_BIT_CONVERSION = YES;
				GCC_WARN_ABOUT_RETURN_TYPE = YES_ERROR;
				GCC_WARN_UNDECLARED_SELECTOR = YES;
				GCC_WARN_UNINITIALIZED_AUTOS = YES_AGGRESSIVE;
				GCC_WARN_UNUSED_FUNCTION = YES;
				GCC_WARN_UNUSED_VARIABLE = YES;
				IPHONEOS_DEPLOYMENT_TARGET = 13.0;
				MTL_ENABLE_DEBUG_INFO = NO;
				MTL_FAST_MATH = YES;
				SDKROOT = iphoneos;
				VALIDATE_PRODUCT = YES;
			};
			name = Release;
		};
		FAE98A7A24466E36007ACFEA /* Debug */ = {
			isa = XCBuildConfiguration;
			buildSettings = {
				ASSETCATALOG_COMPILER_APPICON_NAME = AppIcon;
				CODE_SIGN_STYLE = Manual;
				DEVELOPMENT_TEAM = "";
				INFOPLIST_FILE = "class methods/Info.plist";
				LD_RUNPATH_SEARCH_PATHS = (
					"$(inherited)",
					"@executable_path/Frameworks",
				);
				PRODUCT_BUNDLE_IDENTIFIER = "";
				PRODUCT_NAME = "$(TARGET_NAME)";
				PROVISIONING_PROFILE_SPECIFIER = "";
				TARGETED_DEVICE_FAMILY = "1,2";
			};
			name = Debug;
		};
		FAE98A7B24466E36007ACFEA /* Release */ = {
			isa = XCBuildConfiguration;
			buildSettings = {
				ASSETCATALOG_COMPILER_APPICON_NAME = AppIcon;
				CODE_SIGN_STYLE = Manual;
				DEVELOPMENT_TEAM = "";
				INFOPLIST_FILE = "class methods/Info.plist";
				LD_RUNPATH_SEARCH_PATHS = (
					"$(inherited)",
					"@executable_path/Frameworks",
				);
				PRODUCT_BUNDLE_IDENTIFIER = "";
				PRODUCT_NAME = "$(TARGET_NAME)";
				PROVISIONING_PROFILE_SPECIFIER = "";
				TARGETED_DEVICE_FAMILY = "1,2";
			};
			name = Release;
		};
/* End XCBuildConfiguration section */

/* Begin XCConfigurationList section */
		FAE98A5B24466E2D007ACFEA /* Build configuration list for PBXProject "class methods" */ = {
			isa = XCConfigurationList;
			buildConfigurations = (
				FAE98A7724466E36007ACFEA /* Debug */,
				FAE98A7824466E36007ACFEA /* Release */,
			);
			defaultConfigurationIsVisible = 0;
			defaultConfigurationName = Release;
		};
		FAE98A7924466E36007ACFEA /* Build configuration list for PBXNativeTarget "class methods" */ = {
			isa = XCConfigurationList;
			buildConfigurations = (
				FAE98A7A24466E36007ACFEA /* Debug */,
				FAE98A7B24466E36007ACFEA /* Release */,
			);
			defaultConfigurationIsVisible = 0;
			defaultConfigurationName = Release;
		};
/* End XCConfigurationList section */
	};
	rootObject = FAE98A5824466E2D007ACFEA /* Project object */;
}
